
Microsoft Visual Studio Solution File, Format Version 12.00
# Visual Studio Version 17
VisualStudioVersion = 17.7.34024.191
MinimumVisualStudioVersion = 10.0.40219.1
Project("{FAE04EC0-301F-11D3-BF4B-00C04F79EFBC}") = "Practicheskaya2", "Practicheskaya2\Practicheskaya2.csproj", "{65D2ADF5-C8F5-4E2D-8F19-27EA05655CEA}"
EndProject
Global
	GlobalSection(SolutionConfigurationPlatforms) = preSolution
		Debug|Any CPU = Debug|Any CPU
		Release|Any CPU = Release|Any CPU
	EndGlobalSection
	GlobalSection(ProjectConfigurationPlatforms) = postSolution
		{65D2ADF5-C8F5-4E2D-8F19-27EA05655CEA}.Debug|Any CPU.ActiveCfg = Debug|Any CPU
		{65D2ADF5-C8F5-4E2D-8F19-27EA05655CEA}.Debug|Any CPU.Build.0 = Debug|Any CPU
		{65D2ADF5-C8F5-4E2D-8F19-27EA05655CEA}.Release|Any CPU.ActiveCfg = Release|Any CPU
		{65D2ADF5-C8F5-4E2D-8F19-27EA05655CEA}.Release|Any CPU.Build.0 = Release|Any CPU
	EndGlobalSection
	GlobalSection(SolutionProperties) = preSolution
		HideSolutionNode = FALSE
	EndGlobalSection
	GlobalSection(ExtensibilityGlobals) = postSolution
		SolutionGuid = {8FE721FB-6517-49B5-9A8F-0ABAC8B2F8F0}
	EndGlobalSection
EndGlobal
